// !$*UTF8*$!
{
	archiveVersion = 1;
	classes = {
	};
	objectVersion = 77;
	objects = {

/* Begin PBXBuildFile section */
		A10000000000000000000010 /* TesseraWidgets.appex in Embed Foundation Extensions */ = {isa = PBXBuildFile; fileRef = A10000000000000000000002 /* TesseraWidgets.appex */; settings = {ATTRIBUTES = (RemoveHeadersOnCopy, ); }; };
/* End PBXBuildFile section */

/* Begin PBXContainerItemProxy section */
		A10000000000000000000020 /* PBXContainerItemProxy */ = {
			isa = PBXContainerItemProxy;
			containerPortal = A10000000000000000000090 /* Project object */;
			proxyType = 1;
			remoteGlobalIDString = A10000000000000000000071;
			remoteInfo = TesseraWidgets;
		};
		A10000000000000000000021 /* PBXContainerItemProxy */ = {
			isa = PBXContainerItemProxy;
			containerPortal = A10000000000000000000090 /* Project object */;
			proxyType = 1;
			remoteGlobalIDString = A10000000000000000000070;
			remoteInfo = Tessera;
		};
		A10000000000000000000022 /* PBXContainerItemProxy */ = {
			isa = PBXContainerItemProxy;
			containerPortal = A10000000000000000000090 /* Project object */;
			proxyType = 1;
			remoteGlobalIDString = A10000000000000000000070;
			remoteInfo = Tessera;
		};
/* End PBXContainerItemProxy section */

/* Begin PBXCopyFilesBuildPhase section */
		A10000000000000000000030 /* Embed Foundation Extensions */ = {
			isa = PBXCopyFilesBuildPhase;
			buildActionMask = 2147483647;
			dstPath = "";
			dstSubfolderSpec = 13;
			files = (
				A10000000000000000000010 /* TesseraWidgets.appex in Embed Foundation Extensions */,
			);
			name = "Embed Foundation Extensions";
			runOnlyForDeploymentPostprocessing = 0;
		};
/* End PBXCopyFilesBuildPhase section */

/* Begin PBXFileReference section */
		A10000000000000000000001 /* Tessera.app */ = {isa = PBXFileReference; explicitFileType = wrapper.application; includeInIndex = 0; path = Tessera.app; sourceTree = BUILT_PRODUCTS_DIR; };
		A10000000000000000000002 /* TesseraWidgets.appex */ = {isa = PBXFileReference; explicitFileType = "wrapper.app-extension"; includeInIndex = 0; path = TesseraWidgets.appex; sourceTree = BUILT_PRODUCTS_DIR; };
		A10000000000000000000003 /* TesseraTests.xctest */ = {isa = PBXFileReference; explicitFileType = wrapper.cfbundle; includeInIndex = 0; path = TesseraTests.xctest; sourceTree = BUILT_PRODUCTS_DIR; };
		A10000000000000000000004 /* TesseraUITests.xctest */ = {isa = PBXFileReference; explicitFileType = wrapper.cfbundle; includeInIndex = 0; path = TesseraUITests.xctest; sourceTree = BUILT_PRODUCTS_DIR; };
/* End PBXFileReference section */

/* Begin PBXFileSystemSynchronizedRootGroup section */
		A10000000000000000000040 /* App */ = {
			isa = PBXFileSystemSynchronizedRootGroup;
			path = App;
			sourceTree = "<group>";
		};
		A10000000000000000000041 /* Shared */ = {
			isa = PBXFileSystemSynchronizedRootGroup;
			path = Shared;
			sourceTree = "<group>";
		};
		A10000000000000000000042 /* Widgets */ = {
			isa = PBXFileSystemSynchronizedRootGroup;
			path = Widgets;
			sourceTree = "<group>";
		};
		A10000000000000000000043 /* Tests */ = {
			isa = PBXFileSystemSynchronizedRootGroup;
			path = Tests;
			sourceTree = "<group>";
		};
		A10000000000000000000044 /* UITests */ = {
			isa = PBXFileSystemSynchronizedRootGroup;
			path = UITests;
			sourceTree = "<group>";
		};
/* End PBXFileSystemSynchronizedRootGroup section */

/* Begin PBXFrameworksBuildPhase section */
		A10000000000000000000050 /* Frameworks */ = {
			isa = PBXFrameworksBuildPhase;
			buildActionMask = 2147483647;
			files = (
			);
			runOnlyForDeploymentPostprocessing = 0;
		};
		A10000000000000000000051 /* Frameworks */ = {
			isa = PBXFrameworksBuildPhase;
			buildActionMask = 2147483647;
			files = (
			);
			runOnlyForDeploymentPostprocessing = 0;
		};
		A10000000000000000000052 /* Frameworks */ = {
			isa = PBXFrameworksBuildPhase;
			buildActionMask = 2147483647;
			files = (
			);
			runOnlyForDeploymentPostprocessing = 0;
		};
		A10000000000000000000053 /* Frameworks */ = {
			isa = PBXFrameworksBuildPhase;
			buildActionMask = 2147483647;
			files = (
			);
			runOnlyForDeploymentPostprocessing = 0;
		};
/* End PBXFrameworksBuildPhase section */

/* Begin PBXGroup section */
		A10000000000000000000060 = {
			isa = PBXGroup;
			children = (
				A10000000000000000000040 /* App */,
				A10000000000000000000041 /* Shared */,
				A10000000000000000000042 /* Widgets */,
				A10000000000000000000043 /* Tests */,
				A10000000000000000000044 /* UITests */,
				A10000000000000000000061 /* Products */,
			);
			sourceTree = "<group>";
		};
		A10000000000000000000061 /* Products */ = {
			isa = PBXGroup;
			children = (
				A10000000000000000000001 /* Tessera.app */,
				A10000000000000000000002 /* TesseraWidgets.appex */,
				A10000000000000000000003 /* TesseraTests.xctest */,
				A10000000000000000000004 /* TesseraUITests.xctest */,
			);
			name = Products;
			sourceTree = "<group>";
		};
/* End PBXGroup section */

/* Begin PBXNativeTarget section */
		A10000000000000000000070 /* Tessera */ = {
			isa = PBXNativeTarget;
			buildConfigurationList = A100000000000000000000B0 /* Build configuration list for PBXNativeTarget "Tessera" */;
			buildPhases = (
				A10000000000000000000080 /* Sources */,
				A10000000000000000000050 /* Frameworks */,
				A10000000000000000000082 /* Resources */,
				A10000000000000000000030 /* Embed Foundation Extensions */,
			);
			buildRules = (
			);
			dependencies = (
				A100000000000000000000A0 /* PBXTargetDependency */,
			);
			fileSystemSynchronizedGroups = (
				A10000000000000000000040 /* App */,
				A10000000000000000000041 /* Shared */,
			);
			name = Tessera;
			packageProductDependencies = (
			);
			productName = Tessera;
			productReference = A10000000000000000000001 /* Tessera.app */;
			productType = "com.apple.product-type.application";
		};
		A10000000000000000000071 /* TesseraWidgets */ = {
			isa = PBXNativeTarget;
			buildConfigurationList = A100000000000000000000B1 /* Build configuration list for PBXNativeTarget "TesseraWidgets" */;
			buildPhases = (
				A10000000000000000000081 /* Sources */,
				A10000000000000000000051 /* Frameworks */,
				A10000000000000000000083 /* Resources */,
			);
			buildRules = (
			);
			dependencies = (
			);
			fileSystemSynchronizedGroups = (
				A10000000000000000000042 /* Widgets */,
				A10000000000000000000041 /* Shared */,
			);
			name = TesseraWidgets;
			packageProductDependencies = (
			);
			productName = TesseraWidgets;
			productReference = A10000000000000000000002 /* TesseraWidgets.appex */;
			productType = "com.apple.product-type.app-extension";
		};
		A10000000000000000000072 /* TesseraTests */ = {
			isa = PBXNativeTarget;
			buildConfigurationList = A100000000000000000000B3 /* Build configuration list for PBXNativeTarget "TesseraTests" */;
			buildPhases = (
				A10000000000000000000084 /* Sources */,
				A10000000000000000000052 /* Frameworks */,
				A10000000000000000000086 /* Resources */,
			);
			buildRules = (
			);
			dependencies = (
				A100000000000000000000A1 /* PBXTargetDependency */,
			);
			fileSystemSynchronizedGroups = (
				A10000000000000000000043 /* Tests */,
			);
			name = TesseraTests;
			packageProductDependencies = (
			);
			productName = TesseraTests;
			productReference = A10000000000000000000003 /* TesseraTests.xctest */;
			productType = "com.apple.product-type.bundle.unit-test";
		};
		A10000000000000000000073 /* TesseraUITests */ = {
			isa = PBXNativeTarget;
			buildConfigurationList = A100000000000000000000B4 /* Build configuration list for PBXNativeTarget "TesseraUITests" */;
			buildPhases = (
				A10000000000000000000085 /* Sources */,
				A10000000000000000000053 /* Frameworks */,
				A10000000000000000000087 /* Resources */,
			);
			buildRules = (
			);
			dependencies = (
				A100000000000000000000A2 /* PBXTargetDependency */,
			);
			fileSystemSynchronizedGroups = (
				A10000000000000000000044 /* UITests */,
			);
			name = TesseraUITests;
			packageProductDependencies = (
			);
			productName = TesseraUITests;
			productReference = A10000000000000000000004 /* TesseraUITests.xctest */;
			productType = "com.apple.product-type.bundle.ui-testing";
		};
/* End PBXNativeTarget section */

/* Begin PBXProject section */
		A10000000000000000000090 /* Project object */ = {
			isa = PBXProject;
			attributes = {
				BuildIndependentTargetsInParallel = 1;
				LastSwiftUpdateCheck = 1600;
				LastUpgradeCheck = 1600;
				TargetAttributes = {
					A10000000000000000000070 = {
						CreatedOnToolsVersion = 16.0;
					};
					A10000000000000000000071 = {
						CreatedOnToolsVersion = 16.0;
					};
					A10000000000000000000072 = {
						CreatedOnToolsVersion = 16.0;
						TestTargetID = A10000000000000000000070;
					};
					A10000000000000000000073 = {
						CreatedOnToolsVersion = 16.0;
						TestTargetID = A10000000000000000000070;
					};
				};
			};
			buildConfigurationList = A100000000000000000000B2 /* Build configuration list for PBXProject "Tessera" */;
			developmentRegion = fr;
			hasScannedForEncodings = 0;
			knownRegions = (
				fr,
				en,
				Base,
			);
			mainGroup = A10000000000000000000060;
			minimizedProjectReferenceProxies = 1;
			preferredProjectObjectVersion = 77;
			productRefGroup = A10000000000000000000061 /* Products */;
			projectDirPath = "";
			projectRoot = "";
			targets = (
				A10000000000000000000070 /* Tessera */,
				A10000000000000000000071 /* TesseraWidgets */,
				A10000000000000000000072 /* TesseraTests */,
				A10000000000000000000073 /* TesseraUITests */,
			);
		};
/* End PBXProject section */

/* Begin PBXResourcesBuildPhase section */
		A10000000000000000000082 /* Resources */ = {
			isa = PBXResourcesBuildPhase;
			buildActionMask = 2147483647;
			files = (
			);
			runOnlyForDeploymentPostprocessing = 0;
		};
		A10000000000000000000083 /* Resources */ = {
			isa = PBXResourcesBuildPhase;
			buildActionMask = 2147483647;
			files = (
			);
			runOnlyForDeploymentPostprocessing = 0;
		};
		A10000000000000000000086 /* Resources */ = {
			isa = PBXResourcesBuildPhase;
			buildActionMask = 2147483647;
			files = (
			);
			runOnlyForDeploymentPostprocessing = 0;
		};
		A10000000000000000000087 /* Resources */ = {
			isa = PBXResourcesBuildPhase;
			buildActionMask = 2147483647;
			files = (
			);
			runOnlyForDeploymentPostprocessing = 0;
		};
/* End PBXResourcesBuildPhase section */

/* Begin PBXSourcesBuildPhase section */
		A10000000000000000000080 /* Sources */ = {
			isa = PBXSourcesBuildPhase;
			buildActionMask = 2147483647;
			files = (
			);
			runOnlyForDeploymentPostprocessing = 0;
		};
		A10000000000000000000081 /* Sources */ = {
			isa = PBXSourcesBuildPhase;
			buildActionMask = 2147483647;
			files = (
			);
			runOnlyForDeploymentPostprocessing = 0;
		};
		A10000000000000000000084 /* Sources */ = {
			isa = PBXSourcesBuildPhase;
			buildActionMask = 2147483647;
			files = (
			);
			runOnlyForDeploymentPostprocessing = 0;
		};
		A10000000000000000000085 /* Sources */ = {
			isa = PBXSourcesBuildPhase;
			buildActionMask = 2147483647;
			files = (
			);
			runOnlyForDeploymentPostprocessing = 0;
		};
/* End PBXSourcesBuildPhase section */

/* Begin PBXTargetDependency section */
		A100000000000000000000A0 /* PBXTargetDependency */ = {
			isa = PBXTargetDependency;
			target = A10000000000000000000071 /* TesseraWidgets */;
			targetProxy = A10000000000000000000020 /* PBXContainerItemProxy */;
		};
		A100000000000000000000A1 /* PBXTargetDependency */ = {
			isa = PBXTargetDependency;
			target = A10000000000000000000070 /* Tessera */;
			targetProxy = A10000000000000000000021 /* PBXContainerItemProxy */;
		};
		A100000000000000000000A2 /* PBXTargetDependency */ = {
			isa = PBXTargetDependency;
			target = A10000000000000000000070 /* Tessera */;
			targetProxy = A10000000000000000000022 /* PBXContainerItemProxy */;
		};
/* End PBXTargetDependency section */

/* Begin XCBuildConfiguration section */
		A100000000000000000000C0 /* Debug */ = {
			isa = XCBuildConfiguration;
			buildSettings = {
				ALWAYS_SEARCH_USER_PATHS = NO;
				APP_GROUP_ID = group.com.dakrsnyk.tessera;
				ASSETCATALOG_COMPILER_GENERATE_SWIFT_ASSET_SYMBOL_EXTENSIONS = YES;
				CLANG_ANALYZER_NONNULL = YES;
				CLANG_CXX_LANGUAGE_STANDARD = "gnu++20";
				CLANG_ENABLE_MODULES = YES;
				CLANG_ENABLE_OBJC_ARC = YES;
				CLANG_WARN_BOOL_CONVERSION = YES;
				CLANG_WARN_DOCUMENTATION_COMMENTS = YES;
				CLANG_WARN_EMPTY_BODY = YES;
				CLANG_WARN_INFINITE_RECURSION = YES;
				CLANG_WARN_UNREACHABLE_CODE = YES;
				COINGECKO_API_KEY = "";
				COPY_PHASE_STRIP = NO;
				DEBUG_INFORMATION_FORMAT = dwarf;
				DEVELOPMENT_TEAM = "";
				ENABLE_STRICT_OBJC_MSGSEND = YES;
				ENABLE_TESTABILITY = YES;
				ENABLE_USER_SCRIPT_SANDBOXING = YES;
				FINNHUB_API_KEY = "";
				GCC_C_LANGUAGE_STANDARD = gnu17;
				GCC_DYNAMIC_NO_PIC = NO;
				GCC_NO_COMMON_BLOCKS = YES;
				GCC_OPTIMIZATION_LEVEL = 0;
				GCC_PREPROCESSOR_DEFINITIONS = (
					"DEBUG=1",
					"$(inherited)",
				);
				IPHONEOS_DEPLOYMENT_TARGET = 17.0;
				LOCALIZATION_PREFERS_STRING_CATALOGS = YES;
				MTL_ENABLE_DEBUG_INFO = INCLUDE_SOURCE;
				MTL_FAST_MATH = YES;
				ONLY_ACTIVE_ARCH = YES;
				OPEN_METEO_API_KEY = "";
				SDKROOT = iphoneos;
				SWIFT_ACTIVE_COMPILATION_CONDITIONS = "DEBUG $(inherited)";
				SWIFT_OPTIMIZATION_LEVEL = "-O";
				SWIFT_VERSION = 5.0;
			};
			name = Debug;
		};
		A100000000000000000000C1 /* Release */ = {
			isa = XCBuildConfiguration;
			buildSettings = {
				ALWAYS_SEARCH_USER_PATHS = NO;
				APP_GROUP_ID = group.com.dakrsnyk.tessera;
				ASSETCATALOG_COMPILER_GENERATE_SWIFT_ASSET_SYMBOL_EXTENSIONS = YES;
				CLANG_ANALYZER_NONNULL = YES;
				CLANG_CXX_LANGUAGE_STANDARD = "gnu++20";
				CLANG_ENABLE_MODULES = YES;
				CLANG_ENABLE_OBJC_ARC = YES;
				CLANG_WARN_BOOL_CONVERSION = YES;
				CLANG_WARN_DOCUMENTATION_COMMENTS = YES;
				CLANG_WARN_EMPTY_BODY = YES;
				CLANG_WARN_INFINITE_RECURSION = YES;
				CLANG_WARN_UNREACHABLE_CODE = YES;
				COINGECKO_API_KEY = "";
				COPY_PHASE_STRIP = NO;
				DEBUG_INFORMATION_FORMAT = "dwarf-with-dsym";
				DEVELOPMENT_TEAM = "";
				ENABLE_NS_ASSERTIONS = NO;
				ENABLE_STRICT_OBJC_MSGSEND = YES;
				FINNHUB_API_KEY = "";
				ENABLE_USER_SCRIPT_SANDBOXING = YES;
				GCC_C_LANGUAGE_STANDARD = gnu17;
				GCC_NO_COMMON_BLOCKS = YES;
				IPHONEOS_DEPLOYMENT_TARGET = 17.0;
				LOCALIZATION_PREFERS_STRING_CATALOGS = YES;
				MTL_ENABLE_DEBUG_INFO = NO;
				MTL_FAST_MATH = YES;
				OPEN_METEO_API_KEY = "";
				SDKROOT = iphoneos;
				SWIFT_COMPILATION_MODE = wholemodule;
				SWIFT_VERSION = 5.0;
				VALIDATE_PRODUCT = YES;
			};
			name = Release;
		};
		A100000000000000000000C2 /* Debug */ = {
			isa = XCBuildConfiguration;
			buildSettings = {
				OTHER_LDFLAGS = (
					"$(inherited)",
					"-weak_framework",
					FoundationModels,
					"-Wl,-stack_size,0x100000",
				);
				ENABLE_DEBUG_DYLIB = NO;
				ASSETCATALOG_COMPILER_APPICON_NAME = AppIcon;
				ASSETCATALOG_COMPILER_GLOBAL_ACCENT_COLOR_NAME = AccentColor;
				CODE_SIGN_ENTITLEMENTS = Config/Tessera.entitlements;
				CODE_SIGN_STYLE = Automatic;
				CURRENT_PROJECT_VERSION = 1;
				ENABLE_PREVIEWS = YES;
				GENERATE_INFOPLIST_FILE = YES;
				INFOPLIST_FILE = "Config/App-Info.plist";
				INFOPLIST_KEY_CFBundleDisplayName = Tessera;
				INFOPLIST_KEY_LSApplicationCategoryType = "public.app-category.productivity";
				INFOPLIST_KEY_NSCalendarsFullAccessUsageDescription = "Tessera affiche tes prochains rendez-vous dans le widget À venir. Rien ne quitte ton iPhone.";
				INFOPLIST_KEY_NSCameraUsageDescription = "La caméra sert uniquement à scanner le code-barres d'un aliment.";
				INFOPLIST_KEY_NSLocationWhenInUseUsageDescription = "Ta position sert uniquement à trouver la météo de ta ville.";
				INFOPLIST_KEY_NSMotionUsageDescription = "Tessera lit tes pas du jour pour « Mon Quotidien ». Rien ne quitte ton iPhone.";
				INFOPLIST_KEY_NSPhotoLibraryAddUsageDescription = "Tessera enregistre dans Photos les fonds d'écran que tu choisis dans le Store.";
				INFOPLIST_KEY_UIApplicationSceneManifest_Generation = YES;
				INFOPLIST_KEY_UIApplicationSupportsIndirectInputEvents = YES;
				INFOPLIST_KEY_UILaunchScreen_Generation = YES;
				INFOPLIST_KEY_UISupportedInterfaceOrientations_iPhone = UIInterfaceOrientationPortrait;
				LD_RUNPATH_SEARCH_PATHS = (
					"$(inherited)",
					"@executable_path/Frameworks",
				);
				MARKETING_VERSION = 1.0;
				PRODUCT_BUNDLE_IDENTIFIER = com.dakrsnyk.tessera;
				PRODUCT_NAME = "$(TARGET_NAME)";
				SUPPORTED_PLATFORMS = "iphoneos iphonesimulator";
				SUPPORTS_MACCATALYST = NO;
				SUPPORTS_MAC_DESIGNED_FOR_IPHONE_IPAD = NO;
				SWIFT_EMIT_LOC_STRINGS = YES;
				TARGETED_DEVICE_FAMILY = 1;
			};
			name = Debug;
		};
		A100000000000000000000C3 /* Release */ = {
			isa = XCBuildConfiguration;
			buildSettings = {
				OTHER_LDFLAGS = (
					"$(inherited)",
					"-weak_framework",
					FoundationModels,
				);
				ENABLE_DEBUG_DYLIB = NO;
				ASSETCATALOG_COMPILER_APPICON_NAME = AppIcon;
				ASSETCATALOG_COMPILER_GLOBAL_ACCENT_COLOR_NAME = AccentColor;
				CODE_SIGN_ENTITLEMENTS = Config/Tessera.entitlements;
				CODE_SIGN_STYLE = Automatic;
				CURRENT_PROJECT_VERSION = 1;
				ENABLE_PREVIEWS = YES;
				GENERATE_INFOPLIST_FILE = YES;
				INFOPLIST_FILE = "Config/App-Info.plist";
				INFOPLIST_KEY_CFBundleDisplayName = Tessera;
				INFOPLIST_KEY_LSApplicationCategoryType = "public.app-category.productivity";
				INFOPLIST_KEY_NSCalendarsFullAccessUsageDescription = "Tessera affiche tes prochains rendez-vous dans le widget À venir. Rien ne quitte ton iPhone.";
				INFOPLIST_KEY_NSCameraUsageDescription = "La caméra sert uniquement à scanner le code-barres d'un aliment.";
				INFOPLIST_KEY_NSLocationWhenInUseUsageDescription = "Ta position sert uniquement à trouver la météo de ta ville.";
				INFOPLIST_KEY_NSMotionUsageDescription = "Tessera lit tes pas du jour pour « Mon Quotidien ». Rien ne quitte ton iPhone.";
				INFOPLIST_KEY_NSPhotoLibraryAddUsageDescription = "Tessera enregistre dans Photos les fonds d'écran que tu choisis dans le Store.";
				INFOPLIST_KEY_UIApplicationSceneManifest_Generation = YES;
				INFOPLIST_KEY_UIApplicationSupportsIndirectInputEvents = YES;
				INFOPLIST_KEY_UILaunchScreen_Generation = YES;
				INFOPLIST_KEY_UISupportedInterfaceOrientations_iPhone = UIInterfaceOrientationPortrait;
				LD_RUNPATH_SEARCH_PATHS = (
					"$(inherited)",
					"@executable_path/Frameworks",
				);
				MARKETING_VERSION = 1.0;
				PRODUCT_BUNDLE_IDENTIFIER = com.dakrsnyk.tessera;
				PRODUCT_NAME = "$(TARGET_NAME)";
				SUPPORTED_PLATFORMS = "iphoneos iphonesimulator";
				SUPPORTS_MACCATALYST = NO;
				SUPPORTS_MAC_DESIGNED_FOR_IPHONE_IPAD = NO;
				SWIFT_EMIT_LOC_STRINGS = YES;
				TARGETED_DEVICE_FAMILY = 1;
			};
			name = Release;
		};
		A100000000000000000000C4 /* Debug */ = {
			isa = XCBuildConfiguration;
			buildSettings = {
				ENABLE_DEBUG_DYLIB = NO;
				CODE_SIGN_ENTITLEMENTS = Config/TesseraWidgets.entitlements;
				CODE_SIGN_STYLE = Automatic;
				CURRENT_PROJECT_VERSION = 1;
				GENERATE_INFOPLIST_FILE = YES;
				INFOPLIST_FILE = "Config/Widgets-Info.plist";
				INFOPLIST_KEY_CFBundleDisplayName = Tessera;
				INFOPLIST_KEY_NSCalendarsFullAccessUsageDescription = "Tessera affiche tes prochains rendez-vous dans le widget À venir. Rien ne quitte ton iPhone.";
				INFOPLIST_KEY_NSHumanReadableCopyright = "";
				LD_RUNPATH_SEARCH_PATHS = (
					"$(inherited)",
					"@executable_path/Frameworks",
					"@executable_path/../../Frameworks",
				);
				MARKETING_VERSION = 1.0;
				PRODUCT_BUNDLE_IDENTIFIER = com.dakrsnyk.tessera.widgets;
				PRODUCT_NAME = "$(TARGET_NAME)";
				SKIP_INSTALL = YES;
				SUPPORTED_PLATFORMS = "iphoneos iphonesimulator";
				SUPPORTS_MACCATALYST = NO;
				SWIFT_EMIT_LOC_STRINGS = YES;
				TARGETED_DEVICE_FAMILY = 1;
			};
			name = Debug;
		};
		A100000000000000000000C5 /* Release */ = {
			isa = XCBuildConfiguration;
			buildSettings = {
				ENABLE_DEBUG_DYLIB = NO;
				CODE_SIGN_ENTITLEMENTS = Config/TesseraWidgets.entitlements;
				CODE_SIGN_STYLE = Automatic;
				CURRENT_PROJECT_VERSION = 1;
				GENERATE_INFOPLIST_FILE = YES;
				INFOPLIST_FILE = "Config/Widgets-Info.plist";
				INFOPLIST_KEY_CFBundleDisplayName = Tessera;
				INFOPLIST_KEY_NSCalendarsFullAccessUsageDescription = "Tessera affiche tes prochains rendez-vous dans le widget À venir. Rien ne quitte ton iPhone.";
				INFOPLIST_KEY_NSHumanReadableCopyright = "";
				LD_RUNPATH_SEARCH_PATHS = (
					"$(inherited)",
					"@executable_path/Frameworks",
					"@executable_path/../../Frameworks",
				);
				MARKETING_VERSION = 1.0;
				PRODUCT_BUNDLE_IDENTIFIER = com.dakrsnyk.tessera.widgets;
				PRODUCT_NAME = "$(TARGET_NAME)";
				SKIP_INSTALL = YES;
				SUPPORTED_PLATFORMS = "iphoneos iphonesimulator";
				SUPPORTS_MACCATALYST = NO;
				SWIFT_EMIT_LOC_STRINGS = YES;
				TARGETED_DEVICE_FAMILY = 1;
			};
			name = Release;
		};
		A100000000000000000000C6 /* Debug */ = {
			isa = XCBuildConfiguration;
			buildSettings = {
				BUNDLE_LOADER = "$(TEST_HOST)";
				TEST_HOST = "$(BUILT_PRODUCTS_DIR)/Tessera.app/$(BUNDLE_EXECUTABLE_FOLDER_PATH)/Tessera";
				CODE_SIGN_STYLE = Automatic;
				CURRENT_PROJECT_VERSION = 1;
				GENERATE_INFOPLIST_FILE = YES;
				MARKETING_VERSION = 1.0;
				PRODUCT_BUNDLE_IDENTIFIER = com.dakrsnyk.tessera.tests;
				PRODUCT_NAME = "$(TARGET_NAME)";
				SUPPORTED_PLATFORMS = "iphoneos iphonesimulator";
				SUPPORTS_MACCATALYST = NO;
				SWIFT_EMIT_LOC_STRINGS = NO;
				TARGETED_DEVICE_FAMILY = 1;
			};
			name = Debug;
		};
		A100000000000000000000C7 /* Release */ = {
			isa = XCBuildConfiguration;
			buildSettings = {
				BUNDLE_LOADER = "$(TEST_HOST)";
				TEST_HOST = "$(BUILT_PRODUCTS_DIR)/Tessera.app/$(BUNDLE_EXECUTABLE_FOLDER_PATH)/Tessera";
				CODE_SIGN_STYLE = Automatic;
				CURRENT_PROJECT_VERSION = 1;
				GENERATE_INFOPLIST_FILE = YES;
				MARKETING_VERSION = 1.0;
				PRODUCT_BUNDLE_IDENTIFIER = com.dakrsnyk.tessera.tests;
				PRODUCT_NAME = "$(TARGET_NAME)";
				SUPPORTED_PLATFORMS = "iphoneos iphonesimulator";
				SUPPORTS_MACCATALYST = NO;
				SWIFT_EMIT_LOC_STRINGS = NO;
				TARGETED_DEVICE_FAMILY = 1;
			};
			name = Release;
		};
		A100000000000000000000C8 /* Debug */ = {
			isa = XCBuildConfiguration;
			buildSettings = {
				TEST_TARGET_NAME = Tessera;
				CODE_SIGN_STYLE = Automatic;
				CURRENT_PROJECT_VERSION = 1;
				GENERATE_INFOPLIST_FILE = YES;
				MARKETING_VERSION = 1.0;
				PRODUCT_BUNDLE_IDENTIFIER = com.dakrsnyk.tessera.uitests;
				PRODUCT_NAME = "$(TARGET_NAME)";
				SUPPORTED_PLATFORMS = "iphoneos iphonesimulator";
				SUPPORTS_MACCATALYST = NO;
				SWIFT_EMIT_LOC_STRINGS = NO;
				TARGETED_DEVICE_FAMILY = 1;
			};
			name = Debug;
		};
		A100000000000000000000C9 /* Release */ = {
			isa = XCBuildConfiguration;
			buildSettings = {
				TEST_TARGET_NAME = Tessera;
				CODE_SIGN_STYLE = Automatic;
				CURRENT_PROJECT_VERSION = 1;
				GENERATE_INFOPLIST_FILE = YES;
				MARKETING_VERSION = 1.0;
				PRODUCT_BUNDLE_IDENTIFIER = com.dakrsnyk.tessera.uitests;
				PRODUCT_NAME = "$(TARGET_NAME)";
				SUPPORTED_PLATFORMS = "iphoneos iphonesimulator";
				SUPPORTS_MACCATALYST = NO;
				SWIFT_EMIT_LOC_STRINGS = NO;
				TARGETED_DEVICE_FAMILY = 1;
			};
			name = Release;
		};
/* End XCBuildConfiguration section */

/* Begin XCConfigurationList section */
		A100000000000000000000B0 /* Build configuration list for PBXNativeTarget "Tessera" */ = {
			isa = XCConfigurationList;
			buildConfigurations = (
				A100000000000000000000C2 /* Debug */,
				A100000000000000000000C3 /* Release */,
			);
			defaultConfigurationIsVisible = 0;
			defaultConfigurationName = Release;
		};
		A100000000000000000000B1 /* Build configuration list for PBXNativeTarget "TesseraWidgets" */ = {
			isa = XCConfigurationList;
			buildConfigurations = (
				A100000000000000000000C4 /* Debug */,
				A100000000000000000000C5 /* Release */,
			);
			defaultConfigurationIsVisible = 0;
			defaultConfigurationName = Release;
		};
		A100000000000000000000B2 /* Build configuration list for PBXProject "Tessera" */ = {
			isa = XCConfigurationList;
			buildConfigurations = (
				A100000000000000000000C0 /* Debug */,
				A100000000000000000000C1 /* Release */,
			);
			defaultConfigurationIsVisible = 0;
			defaultConfigurationName = Release;
		};
		A100000000000000000000B3 /* Build configuration list for PBXNativeTarget "TesseraTests" */ = {
			isa = XCConfigurationList;
			buildConfigurations = (
				A100000000000000000000C6 /* Debug */,
				A100000000000000000000C7 /* Release */,
			);
			defaultConfigurationIsVisible = 0;
			defaultConfigurationName = Release;
		};
		A100000000000000000000B4 /* Build configuration list for PBXNativeTarget "TesseraUITests" */ = {
			isa = XCConfigurationList;
			buildConfigurations = (
				A100000000000000000000C8 /* Debug */,
				A100000000000000000000C9 /* Release */,
			);
			defaultConfigurationIsVisible = 0;
			defaultConfigurationName = Release;
		};
/* End XCConfigurationList section */
	};
	rootObject = A10000000000000000000090 /* Project object */;
}
